
Microsoft Visual Studio Solution File, Format Version 12.00
# Visual Studio 15
VisualStudioVersion = 15.0.28307.329
MinimumVisualStudioVersion = 10.0.40219.1
Project("{8BC9CEB8-8B4A-11D0-8D11-00A0C91BC942}") = "ReEmu", "ReEmu\ReEmu.vcxproj", "{C6467701-BC52-425F-BA43-59BE88EF01CC}"
EndProject
Global
	GlobalSection(SolutionConfigurationPlatforms) = preSolution
		Debug|x64 = Debug|x64
		Debug|x86 = Debug|x86
		Release|x64 = Release|x64
		Release|x86 = Release|x86
	EndGlobalSection
	GlobalSection(ProjectConfigurationPlatforms) = postSolution
		{C6467701-BC52-425F-BA43-59BE88EF01CC}.Debug|x64.ActiveCfg = Debug|x64
		{C6467701-BC52-425F-BA43-59BE88EF01CC}.Debug|x64.Build.0 = Debug|x64
		{C6467701-BC52-425F-BA43-59BE88EF01CC}.Debug|x86.ActiveCfg = Debug|Win32
		{C6467701-BC52-425F-BA43-59BE88EF01CC}.Debug|x86.Build.0 = Debug|Win32
		{C6467701-BC52-425F-BA43-59BE88EF01CC}.Release|x64.ActiveCfg = Release|x64
		{C6467701-BC52-425F-BA43-59BE88EF01CC}.Release|x64.Build.0 = Release|x64
		{C6467701-BC52-425F-BA43-59BE88EF01CC}.Release|x86.ActiveCfg = Release|Win32
		{C6467701-BC52-425F-BA43-59BE88EF01CC}.Release|x86.Build.0 = Release|Win32
	EndGlobalSection
	GlobalSection(SolutionProperties) = preSolution
		HideSolutionNode = FALSE
	EndGlobalSection
	GlobalSection(ExtensibilityGlobals) = postSolution
		SolutionGuid = {43798B5C-AA91-411E-BCCB-0C0052AD4A56}
	EndGlobalSection
EndGlobal
